
Microsoft Visual Studio Solution File, Format Version 12.00
# Visual Studio Version 16
VisualStudioVersion = 16.0.29609.76
MinimumVisualStudioVersion = 10.0.40219.1
Project("{FAE04EC0-301F-11D3-BF4B-00C04F79EFBC}") = "ConfiguratorKernel", "ConfiguratorKernel\ConfiguratorKernel.csproj", "{D7572CB2-BC53-4D94-9A88-79B82BA630EE}"
EndProject
Project("{FAE04EC0-301F-11D3-BF4B-00C04F79EFBC}") = "Configurator", "Configurator\Configurator.csproj", "{BDF5AEA5-360C-475D-8123-AE71AEA4C976}"
EndProject
Project("{2150E333-8FDC-42A3-9474-1A3956D46DE8}") = "Solution Items", "Solution Items", "{F33E96BB-D254-4BCD-B8A1-5F83B45C9507}"
	ProjectSection(SolutionItems) = preProject
		README.txt = README.txt
	EndProjectSection
EndProject
Global
	GlobalSection(SolutionConfigurationPlatforms) = preSolution
		Debug|Any CPU = Debug|Any CPU
		Release|Any CPU = Release|Any CPU
	EndGlobalSection
	GlobalSection(ProjectConfigurationPlatforms) = postSolution
		{D7572CB2-BC53-4D94-9A88-79B82BA630EE}.Debug|Any CPU.ActiveCfg = Debug|Any CPU
		{D7572CB2-BC53-4D94-9A88-79B82BA630EE}.Debug|Any CPU.Build.0 = Debug|Any CPU
		{D7572CB2-BC53-4D94-9A88-79B82BA630EE}.Release|Any CPU.ActiveCfg = Release|Any CPU
		{D7572CB2-BC53-4D94-9A88-79B82BA630EE}.Release|Any CPU.Build.0 = Release|Any CPU
		{BDF5AEA5-360C-475D-8123-AE71AEA4C976}.Debug|Any CPU.ActiveCfg = Debug|Any CPU
		{BDF5AEA5-360C-475D-8123-AE71AEA4C976}.Debug|Any CPU.Build.0 = Debug|Any CPU
		{BDF5AEA5-360C-475D-8123-AE71AEA4C976}.Release|Any CPU.ActiveCfg = Release|Any CPU
		{BDF5AEA5-360C-475D-8123-AE71AEA4C976}.Release|Any CPU.Build.0 = Release|Any CPU
	EndGlobalSection
	GlobalSection(SolutionProperties) = preSolution
		HideSolutionNode = FALSE
	EndGlobalSection
	GlobalSection(ExtensibilityGlobals) = postSolution
		SolutionGuid = {C5E8DE64-3C64-4B33-83DA-FFD3C26D3A31}
	EndGlobalSection
EndGlobal
